// !$*UTF8*$!
{
	archiveVersion = 1;
	classes = {
	};
	objectVersion = 56;
	objects = {

/* Begin PBXBuildFile section */
		53B563F12CA681AB001D2E50 /* ToDoList3App.swift in Sources */ = {isa = PBXBuildFile; fileRef = 53B563F02CA681AB001D2E50 /* ToDoList3App.swift */; };
		53B563F52CA681AC001D2E50 /* Assets.xcassets in Resources */ = {isa = PBXBuildFile; fileRef = 53B563F42CA681AC001D2E50 /* Assets.xcassets */; };
		53B563F82CA681AC001D2E50 /* Preview Assets.xcassets in Resources */ = {isa = PBXBuildFile; fileRef = 53B563F72CA681AC001D2E50 /* Preview Assets.xcassets */; };
		53B564022CA681AC001D2E50 /* ToDoList3Tests.swift in Sources */ = {isa = PBXBuildFile; fileRef = 53B564012CA681AC001D2E50 /* ToDoList3Tests.swift */; };
		53B5640C2CA681AC001D2E50 /* ToDoList3UITests.swift in Sources */ = {isa = PBXBuildFile; fileRef = 53B5640B2CA681AC001D2E50 /* ToDoList3UITests.swift */; };
		53B5640E2CA681AC001D2E50 /* ToDoList3UITestsLaunchTests.swift in Sources */ = {isa = PBXBuildFile; fileRef = 53B5640D2CA681AC001D2E50 /* ToDoList3UITestsLaunchTests.swift */; };
		53B5641C2CA68207001D2E50 /* ListView.swift in Sources */ = {isa = PBXBuildFile; fileRef = 53B5641B2CA68207001D2E50 /* ListView.swift */; };
		53B5641E2CA68361001D2E50 /* ListRowView.swift in Sources */ = {isa = PBXBuildFile; fileRef = 53B5641D2CA68361001D2E50 /* ListRowView.swift */; };
		53B564202CA6856C001D2E50 /* AddView.swift in Sources */ = {isa = PBXBuildFile; fileRef = 53B5641F2CA6856C001D2E50 /* AddView.swift */; };
		53B564232CA68912001D2E50 /* ItemModel.swift in Sources */ = {isa = PBXBuildFile; fileRef = 53B564222CA68912001D2E50 /* ItemModel.swift */; };
		53B564A42CAE6844001D2E50 /* ListViewModel.swift in Sources */ = {isa = PBXBuildFile; fileRef = 53B564A32CAE6844001D2E50 /* ListViewModel.swift */; };
		53B564A62CAEC285001D2E50 /* NoItemsView.swift in Sources */ = {isa = PBXBuildFile; fileRef = 53B564A52CAEC285001D2E50 /* NoItemsView.swift */; };
/* End PBXBuildFile section */

/* Begin PBXContainerItemProxy section */
		53B563FE2CA681AC001D2E50 /* PBXContainerItemProxy */ = {
			isa = PBXContainerItemProxy;
			containerPortal = 53B563E52CA681AB001D2E50 /* Project object */;
			proxyType = 1;
			remoteGlobalIDString = 53B563EC2CA681AB001D2E50;
			remoteInfo = ToDoList3;
		};
		53B564082CA681AC001D2E50 /* PBXContainerItemProxy */ = {
			isa = PBXContainerItemProxy;
			containerPortal = 53B563E52CA681AB001D2E50 /* Project object */;
			proxyType = 1;
			remoteGlobalIDString = 53B563EC2CA681AB001D2E50;
			remoteInfo = ToDoList3;
		};
/* End PBXContainerItemProxy section */

/* Begin PBXFileReference section */
		53B563ED2CA681AB001D2E50 /* ToDoList3.app */ = {isa = PBXFileReference; explicitFileType = wrapper.application; includeInIndex = 0; path = ToDoList3.app; sourceTree = BUILT_PRODUCTS_DIR; };
		53B563F02CA681AB001D2E50 /* ToDoList3App.swift */ = {isa = PBXFileReference; lastKnownFileType = sourcecode.swift; path = ToDoList3App.swift; sourceTree = "<group>"; };
		53B563F42CA681AC001D2E50 /* Assets.xcassets */ = {isa = PBXFileReference; lastKnownFileType = folder.assetcatalog; path = Assets.xcassets; sourceTree = "<group>"; };
		53B563F72CA681AC001D2E50 /* Preview Assets.xcassets */ = {isa = PBXFileReference; lastKnownFileType = folder.assetcatalog; path = "Preview Assets.xcassets"; sourceTree = "<group>"; };
		53B563FD2CA681AC001D2E50 /* ToDoList3Tests.xctest */ = {isa = PBXFileReference; explicitFileType = wrapper.cfbundle; includeInIndex = 0; path = ToDoList3Tests.xctest; sourceTree = BUILT_PRODUCTS_DIR; };
		53B564012CA681AC001D2E50 /* ToDoList3Tests.swift */ = {isa = PBXFileReference; lastKnownFileType = sourcecode.swift; path = ToDoList3Tests.swift; sourceTree = "<group>"; };
		53B564072CA681AC001D2E50 /* ToDoList3UITests.xctest */ = {isa = PBXFileReference; explicitFileType = wrapper.cfbundle; includeInIndex = 0; path = ToDoList3UITests.xctest; sourceTree = BUILT_PRODUCTS_DIR; };
		53B5640B2CA681AC001D2E50 /* ToDoList3UITests.swift */ = {isa = PBXFileReference; lastKnownFileType = sourcecode.swift; path = ToDoList3UITests.swift; sourceTree = "<group>"; };
		53B5640D2CA681AC001D2E50 /* ToDoList3UITestsLaunchTests.swift */ = {isa = PBXFileReference; lastKnownFileType = sourcecode.swift; path = ToDoList3UITestsLaunchTests.swift; sourceTree = "<group>"; };
		53B5641B2CA68207001D2E50 /* ListView.swift */ = {isa = PBXFileReference; lastKnownFileType = sourcecode.swift; path = ListView.swift; sourceTree = "<group>"; };
		53B5641D2CA68361001D2E50 /* ListRowView.swift */ = {isa = PBXFileReference; lastKnownFileType = sourcecode.swift; path = ListRowView.swift; sourceTree = "<group>"; };
		53B5641F2CA6856C001D2E50 /* AddView.swift */ = {isa = PBXFileReference; lastKnownFileType = sourcecode.swift; path = AddView.swift; sourceTree = "<group>"; };
		53B564222CA68912001D2E50 /* ItemModel.swift */ = {isa = PBXFileReference; lastKnownFileType = sourcecode.swift; path = ItemModel.swift; sourceTree = "<group>"; };
		53B564A32CAE6844001D2E50 /* ListViewModel.swift */ = {isa = PBXFileReference; lastKnownFileType = sourcecode.swift; path = ListViewModel.swift; sourceTree = "<group>"; };
		53B564A52CAEC285001D2E50 /* NoItemsView.swift */ = {isa = PBXFileReference; lastKnownFileType = sourcecode.swift; path = NoItemsView.swift; sourceTree = "<group>"; };
/* End PBXFileReference section */

/* Begin PBXFrameworksBuildPhase section */
		53B563EA2CA681AB001D2E50 /* Frameworks */ = {
			isa = PBXFrameworksBuildPhase;
			buildActionMask = 2147483647;
			files = (
			);
			runOnlyForDeploymentPostprocessing = 0;
		};
		53B563FA2CA681AC001D2E50 /* Frameworks */ = {
			isa = PBXFrameworksBuildPhase;
			buildActionMask = 2147483647;
			files = (
			);
			runOnlyForDeploymentPostprocessing = 0;
		};
		53B564042CA681AC001D2E50 /* Frameworks */ = {
			isa = PBXFrameworksBuildPhase;
			buildActionMask = 2147483647;
			files = (
			);
			runOnlyForDeploymentPostprocessing = 0;
		};
/* End PBXFrameworksBuildPhase section */

/* Begin PBXGroup section */
		53B563E42CA681AB001D2E50 = {
			isa = PBXGroup;
			children = (
				53B563EF2CA681AB001D2E50 /* ToDoList3 */,
				53B564002CA681AC001D2E50 /* ToDoList3Tests */,
				53B5640A2CA681AC001D2E50 /* ToDoList3UITests */,
				53B563EE2CA681AB001D2E50 /* Products */,
			);
			sourceTree = "<group>";
		};
		53B563EE2CA681AB001D2E50 /* Products */ = {
			isa = PBXGroup;
			children = (
				53B563ED2CA681AB001D2E50 /* ToDoList3.app */,
				53B563FD2CA681AC001D2E50 /* ToDoList3Tests.xctest */,
				53B564072CA681AC001D2E50 /* ToDoList3UITests.xctest */,
			);
			name = Products;
			sourceTree = "<group>";
		};
		53B563EF2CA681AB001D2E50 /* ToDoList3 */ = {
			isa = PBXGroup;
			children = (
				53B563F02CA681AB001D2E50 /* ToDoList3App.swift */,
				53B564A22CAE6804001D2E50 /* ViewModel */,
				53B564212CA688EF001D2E50 /* Models */,
				53B5641A2CA681E2001D2E50 /* Views */,
				53B563F42CA681AC001D2E50 /* Assets.xcassets */,
				53B563F62CA681AC001D2E50 /* Preview Content */,
			);
			path = ToDoList3;
			sourceTree = "<group>";
		};
		53B563F62CA681AC001D2E50 /* Preview Content */ = {
			isa = PBXGroup;
			children = (
				53B563F72CA681AC001D2E50 /* Preview Assets.xcassets */,
			);
			path = "Preview Content";
			sourceTree = "<group>";
		};
		53B564002CA681AC001D2E50 /* ToDoList3Tests */ = {
			isa = PBXGroup;
			children = (
				53B564012CA681AC001D2E50 /* ToDoList3Tests.swift */,
			);
			path = ToDoList3Tests;
			sourceTree = "<group>";
		};
		53B5640A2CA681AC001D2E50 /* ToDoList3UITests */ = {
			isa = PBXGroup;
			children = (
				53B5640B2CA681AC001D2E50 /* ToDoList3UITests.swift */,
				53B5640D2CA681AC001D2E50 /* ToDoList3UITestsLaunchTests.swift */,
			);
			path = ToDoList3UITests;
			sourceTree = "<group>";
		};
		53B5641A2CA681E2001D2E50 /* Views */ = {
			isa = PBXGroup;
			children = (
				53B5641B2CA68207001D2E50 /* ListView.swift */,
				53B5641D2CA68361001D2E50 /* ListRowView.swift */,
				53B5641F2CA6856C001D2E50 /* AddView.swift */,
				53B564A52CAEC285001D2E50 /* NoItemsView.swift */,
			);
			path = Views;
			sourceTree = "<group>";
		};
		53B564212CA688EF001D2E50 /* Models */ = {
			isa = PBXGroup;
			children = (
				53B564222CA68912001D2E50 /* ItemModel.swift */,
			);
			path = Models;
			sourceTree = "<group>";
		};
		53B564A22CAE6804001D2E50 /* ViewModel */ = {
			isa = PBXGroup;
			children = (
				53B564A32CAE6844001D2E50 /* ListViewModel.swift */,
			);
			path = ViewModel;
			sourceTree = "<group>";
		};
/* End PBXGroup section */

/* Begin PBXNativeTarget section */
		53B563EC2CA681AB001D2E50 /* ToDoList3 */ = {
			isa = PBXNativeTarget;
			buildConfigurationList = 53B564112CA681AC001D2E50 /* Build configuration list for PBXNativeTarget "ToDoList3" */;
			buildPhases = (
				53B563E92CA681AB001D2E50 /* Sources */,
				53B563EA2CA681AB001D2E50 /* Frameworks */,
				53B563EB2CA681AB001D2E50 /* Resources */,
			);
			buildRules = (
			);
			dependencies = (
			);
			name = ToDoList3;
			productName = ToDoList3;
			productReference = 53B563ED2CA681AB001D2E50 /* ToDoList3.app */;
			productType = "com.apple.product-type.application";
		};
		53B563FC2CA681AC001D2E50 /* ToDoList3Tests */ = {
			isa = PBXNativeTarget;
			buildConfigurationList = 53B564142CA681AC001D2E50 /* Build configuration list for PBXNativeTarget "ToDoList3Tests" */;
			buildPhases = (
				53B563F92CA681AC001D2E50 /* Sources */,
				53B563FA2CA681AC001D2E50 /* Frameworks */,
				53B563FB2CA681AC001D2E50 /* Resources */,
			);
			buildRules = (
			);
			dependencies = (
				53B563FF2CA681AC001D2E50 /* PBXTargetDependency */,
			);
			name = ToDoList3Tests;
			productName = ToDoList3Tests;
			productReference = 53B563FD2CA681AC001D2E50 /* ToDoList3Tests.xctest */;
			productType = "com.apple.product-type.bundle.unit-test";
		};
		53B564062CA681AC001D2E50 /* ToDoList3UITests */ = {
			isa = PBXNativeTarget;
			buildConfigurationList = 53B564172CA681AC001D2E50 /* Build configuration list for PBXNativeTarget "ToDoList3UITests" */;
			buildPhases = (
				53B564032CA681AC001D2E50 /* Sources */,
				53B564042CA681AC001D2E50 /* Frameworks */,
				53B564052CA681AC001D2E50 /* Resources */,
			);
			buildRules = (
			);
			dependencies = (
				53B564092CA681AC001D2E50 /* PBXTargetDependency */,
			);
			name = ToDoList3UITests;
			productName = ToDoList3UITests;
			productReference = 53B564072CA681AC001D2E50 /* ToDoList3UITests.xctest */;
			productType = "com.apple.product-type.bundle.ui-testing";
		};
/* End PBXNativeTarget section */

/* Begin PBXProject section */
		53B563E52CA681AB001D2E50 /* Project object */ = {
			isa = PBXProject;
			attributes = {
				BuildIndependentTargetsInParallel = 1;
				LastSwiftUpdateCheck = 1540;
				LastUpgradeCheck = 1540;
				TargetAttributes = {
					53B563EC2CA681AB001D2E50 = {
						CreatedOnToolsVersion = 15.4;
					};
					53B563FC2CA681AC001D2E50 = {
						CreatedOnToolsVersion = 15.4;
						TestTargetID = 53B563EC2CA681AB001D2E50;
					};
					53B564062CA681AC001D2E50 = {
						CreatedOnToolsVersion = 15.4;
						TestTargetID = 53B563EC2CA681AB001D2E50;
					};
				};
			};
			buildConfigurationList = 53B563E82CA681AB001D2E50 /* Build configuration list for PBXProject "ToDoList3" */;
			compatibilityVersion = "Xcode 14.0";
			developmentRegion = en;
			hasScannedForEncodings = 0;
			knownRegions = (
				en,
				Base,
			);
			mainGroup = 53B563E42CA681AB001D2E50;
			productRefGroup = 53B563EE2CA681AB001D2E50 /* Products */;
			projectDirPath = "";
			projectRoot = "";
			targets = (
				53B563EC2CA681AB001D2E50 /* ToDoList3 */,
				53B563FC2CA681AC001D2E50 /* ToDoList3Tests */,
				53B564062CA681AC001D2E50 /* ToDoList3UITests */,
			);
		};
/* End PBXProject section */

/* Begin PBXResourcesBuildPhase section */
		53B563EB2CA681AB001D2E50 /* Resources */ = {
			isa = PBXResourcesBuildPhase;
			buildActionMask = 2147483647;
			files = (
				53B563F82CA681AC001D2E50 /* Preview Assets.xcassets in Resources */,
				53B563F52CA681AC001D2E50 /* Assets.xcassets in Resources */,
			);
			runOnlyForDeploymentPostprocessing = 0;
		};
		53B563FB2CA681AC001D2E50 /* Resources */ = {
			isa = PBXResourcesBuildPhase;
			buildActionMask = 2147483647;
			files = (
			);
			runOnlyForDeploymentPostprocessing = 0;
		};
		53B564052CA681AC001D2E50 /* Resources */ = {
			isa = PBXResourcesBuildPhase;
			buildActionMask = 2147483647;
			files = (
			);
			runOnlyForDeploymentPostprocessing = 0;
		};
/* End PBXResourcesBuildPhase section */

/* Begin PBXSourcesBuildPhase section */
		53B563E92CA681AB001D2E50 /* Sources */ = {
			isa = PBXSourcesBuildPhase;
			buildActionMask = 2147483647;
			files = (
				53B564232CA68912001D2E50 /* ItemModel.swift in Sources */,
				53B564202CA6856C001D2E50 /* AddView.swift in Sources */,
				53B564A42CAE6844001D2E50 /* ListViewModel.swift in Sources */,
				53B563F12CA681AB001D2E50 /* ToDoList3App.swift in Sources */,
				53B5641C2CA68207001D2E50 /* ListView.swift in Sources */,
				53B564A62CAEC285001D2E50 /* NoItemsView.swift in Sources */,
				53B5641E2CA68361001D2E50 /* ListRowView.swift in Sources */,
			);
			runOnlyForDeploymentPostprocessing = 0;
		};
		53B563F92CA681AC001D2E50 /* Sources */ = {
			isa = PBXSourcesBuildPhase;
			buildActionMask = 2147483647;
			files = (
				53B564022CA681AC001D2E50 /* ToDoList3Tests.swift in Sources */,
			);
			runOnlyForDeploymentPostprocessing = 0;
		};
		53B564032CA681AC001D2E50 /* Sources */ = {
			isa = PBXSourcesBuildPhase;
			buildActionMask = 2147483647;
			files = (
				53B5640E2CA681AC001D2E50 /* ToDoList3UITestsLaunchTests.swift in Sources */,
				53B5640C2CA681AC001D2E50 /* ToDoList3UITests.swift in Sources */,
			);
			runOnlyForDeploymentPostprocessing = 0;
		};
/* End PBXSourcesBuildPhase section */

/* Begin PBXTargetDependency section */
		53B563FF2CA681AC001D2E50 /* PBXTargetDependency */ = {
			isa = PBXTargetDependency;
			target = 53B563EC2CA681AB001D2E50 /* ToDoList3 */;
			targetProxy = 53B563FE2CA681AC001D2E50 /* PBXContainerItemProxy */;
		};
		53B564092CA681AC001D2E50 /* PBXTargetDependency */ = {
			isa = PBXTargetDependency;
			target = 53B563EC2CA681AB001D2E50 /* ToDoList3 */;
			targetProxy = 53B564082CA681AC001D2E50 /* PBXContainerItemProxy */;
		};
/* End PBXTargetDependency section */

/* Begin XCBuildConfiguration section */
		53B5640F2CA681AC001D2E50 /* Debug */ = {
			isa = XCBuildConfiguration;
			buildSettings = {
				ALWAYS_SEARCH_USER_PATHS = NO;
				ASSETCATALOG_COMPILER_GENERATE_SWIFT_ASSET_SYMBOL_EXTENSIONS = YES;
				CLANG_ANALYZER_NONNULL = YES;
				CLANG_ANALYZER_NUMBER_OBJECT_CONVERSION = YES_AGGRESSIVE;
				CLANG_CXX_LANGUAGE_STANDARD = "gnu++20";
				CLANG_ENABLE_MODULES = YES;
				CLANG_ENABLE_OBJC_ARC = YES;
				CLANG_ENABLE_OBJC_WEAK = YES;
				CLANG_WARN_BLOCK_CAPTURE_AUTORELEASING = YES;
				CLANG_WARN_BOOL_CONVERSION = YES;
				CLANG_WARN_COMMA = YES;
				CLANG_WARN_CONSTANT_CONVERSION = YES;
				CLANG_WARN_DEPRECATED_OBJC_IMPLEMENTATIONS = YES;
				CLANG_WARN_DIRECT_OBJC_ISA_USAGE = YES_ERROR;
				CLANG_WARN_DOCUMENTATION_COMMENTS = YES;
				CLANG_WARN_EMPTY_BODY = YES;
				CLANG_WARN_ENUM_CONVERSION = YES;
				CLANG_WARN_INFINITE_RECURSION = YES;
				CLANG_WARN_INT_CONVERSION = YES;
				CLANG_WARN_NON_LITERAL_NULL_CONVERSION = YES;
				CLANG_WARN_OBJC_IMPLICIT_RETAIN_SELF = YES;
				CLANG_WARN_OBJC_LITERAL_CONVERSION = YES;
				CLANG_WARN_OBJC_ROOT_CLASS = YES_ERROR;
				CLANG_WARN_QUOTED_INCLUDE_IN_FRAMEWORK_HEADER = YES;
				CLANG_WARN_RANGE_LOOP_ANALYSIS = YES;
				CLANG_WARN_STRICT_PROTOTYPES = YES;
				CLANG_WARN_SUSPICIOUS_MOVE = YES;
				CLANG_WARN_UNGUARDED_AVAILABILITY = YES_AGGRESSIVE;
				CLANG_WARN_UNREACHABLE_CODE = YES;
				CLANG_WARN__DUPLICATE_METHOD_MATCH = YES;
				COPY_PHASE_STRIP = NO;
				DEBUG_INFORMATION_FORMAT = dwarf;
				ENABLE_STRICT_OBJC_MSGSEND = YES;
				ENABLE_TESTABILITY = YES;
				ENABLE_USER_SCRIPT_SANDBOXING = YES;
				GCC_C_LANGUAGE_STANDARD = gnu17;
				GCC_DYNAMIC_NO_PIC = NO;
				GCC_NO_COMMON_BLOCKS = YES;
				GCC_OPTIMIZATION_LEVEL = 0;
				GCC_PREPROCESSOR_DEFINITIONS = (
					"DEBUG=1",
					"$(inherited)",
				);
				GCC_WARN_64_TO_32_BIT_CONVERSION = YES;
				GCC_WARN_ABOUT_RETURN_TYPE = YES_ERROR;
				GCC_WARN_UNDECLARED_SELECTOR = YES;
				GCC_WARN_UNINITIALIZED_AUTOS = YES_AGGRESSIVE;
				GCC_WARN_UNUSED_FUNCTION = YES;
				GCC_WARN_UNUSED_VARIABLE = YES;
				IPHONEOS_DEPLOYMENT_TARGET = 17.5;
				LOCALIZATION_PREFERS_STRING_CATALOGS = YES;
				MTL_ENABLE_DEBUG_INFO = INCLUDE_SOURCE;
				MTL_FAST_MATH = YES;
				ONLY_ACTIVE_ARCH = YES;
				SDKROOT = iphoneos;
				SWIFT_ACTIVE_COMPILATION_CONDITIONS = "DEBUG $(inherited)";
				SWIFT_OPTIMIZATION_LEVEL = "-Onone";
			};
			name = Debug;
		};
		53B564102CA681AC001D2E50 /* Release */ = {
			isa = XCBuildConfiguration;
			buildSettings = {
				ALWAYS_SEARCH_USER_PATHS = NO;
				ASSETCATALOG_COMPILER_GENERATE_SWIFT_ASSET_SYMBOL_EXTENSIONS = YES;
				CLANG_ANALYZER_NONNULL = YES;
				CLANG_ANALYZER_NUMBER_OBJECT_CONVERSION = YES_AGGRESSIVE;
				CLANG_CXX_LANGUAGE_STANDARD = "gnu++20";
				CLANG_ENABLE_MODULES = YES;
				CLANG_ENABLE_OBJC_ARC = YES;
				CLANG_ENABLE_OBJC_WEAK = YES;
				CLANG_WARN_BLOCK_CAPTURE_AUTORELEASING = YES;
				CLANG_WARN_BOOL_CONVERSION = YES;
				CLANG_WARN_COMMA = YES;
				CLANG_WARN_CONSTANT_CONVERSION = YES;
				CLANG_WARN_DEPRECATED_OBJC_IMPLEMENTATIONS = YES;
				CLANG_WARN_DIRECT_OBJC_ISA_USAGE = YES_ERROR;
				CLANG_WARN_DOCUMENTATION_COMMENTS = YES;
				CLANG_WARN_EMPTY_BODY = YES;
				CLANG_WARN_ENUM_CONVERSION = YES;
				CLANG_WARN_INFINITE_RECURSION = YES;
				CLANG_WARN_INT_CONVERSION = YES;
				CLANG_WARN_NON_LITERAL_NULL_CONVERSION = YES;
				CLANG_WARN_OBJC_IMPLICIT_RETAIN_SELF = YES;
				CLANG_WARN_OBJC_LITERAL_CONVERSION = YES;
				CLANG_WARN_OBJC_ROOT_CLASS = YES_ERROR;
				CLANG_WARN_QUOTED_INCLUDE_IN_FRAMEWORK_HEADER = YES;
				CLANG_WARN_RANGE_LOOP_ANALYSIS = YES;
				CLANG_WARN_STRICT_PROTOTYPES = YES;
				CLANG_WARN_SUSPICIOUS_MOVE = YES;
				CLANG_WARN_UNGUARDED_AVAILABILITY = YES_AGGRESSIVE;
				CLANG_WARN_UNREACHABLE_CODE = YES;
				CLANG_WARN__DUPLICATE_METHOD_MATCH = YES;
				COPY_PHASE_STRIP = NO;
				DEBUG_INFORMATION_FORMAT = "dwarf-with-dsym";
				ENABLE_NS_ASSERTIONS = NO;
				ENABLE_STRICT_OBJC_MSGSEND = YES;
				ENABLE_USER_SCRIPT_SANDBOXING = YES;
				GCC_C_LANGUAGE_STANDARD = gnu17;
				GCC_NO_COMMON_BLOCKS = YES;
				GCC_WARN_64_TO_32_BIT_CONVERSION = YES;
				GCC_WARN_ABOUT_RETURN_TYPE = YES_ERROR;
				GCC_WARN_UNDECLARED_SELECTOR = YES;
				GCC_WARN_UNINITIALIZED_AUTOS = YES_AGGRESSIVE;
				GCC_WARN_UNUSED_FUNCTION = YES;
				GCC_WARN_UNUSED_VARIABLE = YES;
				IPHONEOS_DEPLOYMENT_TARGET = 17.5;
				LOCALIZATION_PREFERS_STRING_CATALOGS = YES;
				MTL_ENABLE_DEBUG_INFO = NO;
				MTL_FAST_MATH = YES;
				SDKROOT = iphoneos;
				SWIFT_COMPILATION_MODE = wholemodule;
				VALIDATE_PRODUCT = YES;
			};
			name = Release;
		};
		53B564122CA681AC001D2E50 /* Debug */ = {
			isa = XCBuildConfiguration;
			buildSettings = {
				ASSETCATALOG_COMPILER_APPICON_NAME = AppIcon;
				ASSETCATALOG_COMPILER_GLOBAL_ACCENT_COLOR_NAME = AccentColor;
				CODE_SIGN_IDENTITY = "Apple Development";
				CODE_SIGN_STYLE = Automatic;
				CURRENT_PROJECT_VERSION = 1;
				DEVELOPMENT_ASSET_PATHS = "\"ToDoList3/Preview Content\"";
				DEVELOPMENT_TEAM = 8TP4A8XK22;
				ENABLE_PREVIEWS = YES;
				GENERATE_INFOPLIST_FILE = YES;
				INFOPLIST_KEY_UIApplicationSceneManifest_Generation = YES;
				INFOPLIST_KEY_UIApplicationSupportsIndirectInputEvents = YES;
				INFOPLIST_KEY_UILaunchScreen_Generation = YES;
				INFOPLIST_KEY_UISupportedInterfaceOrientations_iPad = "UIInterfaceOrientationPortrait UIInterfaceOrientationPortraitUpsideDown UIInterfaceOrientationLandscapeLeft UIInterfaceOrientationLandscapeRight";
				INFOPLIST_KEY_UISupportedInterfaceOrientations_iPhone = "UIInterfaceOrientationPortrait UIInterfaceOrientationLandscapeLeft UIInterfaceOrientationLandscapeRight";
				LD_RUNPATH_SEARCH_PATHS = (
					"$(inherited)",
					"@executable_path/Frameworks",
				);
				MARKETING_VERSION = 1.0;
				PRODUCT_BUNDLE_IDENTIFIER = hello.ToDoList3;
				PRODUCT_NAME = "$(TARGET_NAME)";
				PROVISIONING_PROFILE_SPECIFIER = "";
				SWIFT_EMIT_LOC_STRINGS = YES;
				SWIFT_VERSION = 5.0;
				TARGETED_DEVICE_FAMILY = "1,2";
			};
			name = Debug;
		};
		53B564132CA681AC001D2E50 /* Release */ = {
			isa = XCBuildConfiguration;
			buildSettings = {
				ASSETCATALOG_COMPILER_APPICON_NAME = AppIcon;
				ASSETCATALOG_COMPILER_GLOBAL_ACCENT_COLOR_NAME = AccentColor;
				CODE_SIGN_IDENTITY = "Apple Development";
				CODE_SIGN_STYLE = Automatic;
				CURRENT_PROJECT_VERSION = 1;
				DEVELOPMENT_ASSET_PATHS = "\"ToDoList3/Preview Content\"";
				DEVELOPMENT_TEAM = 8TP4A8XK22;
				ENABLE_PREVIEWS = YES;
				GENERATE_INFOPLIST_FILE = YES;
				INFOPLIST_KEY_UIApplicationSceneManifest_Generation = YES;
				INFOPLIST_KEY_UIApplicationSupportsIndirectInputEvents = YES;
				INFOPLIST_KEY_UILaunchScreen_Generation = YES;
				INFOPLIST_KEY_UISupportedInterfaceOrientations_iPad = "UIInterfaceOrientationPortrait UIInterfaceOrientationPortraitUpsideDown UIInterfaceOrientationLandscapeLeft UIInterfaceOrientationLandscapeRight";
				INFOPLIST_KEY_UISupportedInterfaceOrientations_iPhone = "UIInterfaceOrientationPortrait UIInterfaceOrientationLandscapeLeft UIInterfaceOrientationLandscapeRight";
				LD_RUNPATH_SEARCH_PATHS = (
					"$(inherited)",
					"@executable_path/Frameworks",
				);
				MARKETING_VERSION = 1.0;
				PRODUCT_BUNDLE_IDENTIFIER = hello.ToDoList3;
				PRODUCT_NAME = "$(TARGET_NAME)";
				PROVISIONING_PROFILE_SPECIFIER = "";
				SWIFT_EMIT_LOC_STRINGS = YES;
				SWIFT_VERSION = 5.0;
				TARGETED_DEVICE_FAMILY = "1,2";
			};
			name = Release;
		};
		53B564152CA681AC001D2E50 /* Debug */ = {
			isa = XCBuildConfiguration;
			buildSettings = {
				ALWAYS_EMBED_SWIFT_STANDARD_LIBRARIES = YES;
				BUNDLE_LOADER = "$(TEST_HOST)";
				CODE_SIGN_STYLE = Automatic;
				CURRENT_PROJECT_VERSION = 1;
				GENERATE_INFOPLIST_FILE = YES;
				IPHONEOS_DEPLOYMENT_TARGET = 17.5;
				MARKETING_VERSION = 1.0;
				PRODUCT_BUNDLE_IDENTIFIER = hello.ToDoList3Tests;
				PRODUCT_NAME = "$(TARGET_NAME)";
				SWIFT_EMIT_LOC_STRINGS = NO;
				SWIFT_VERSION = 5.0;
				TARGETED_DEVICE_FAMILY = "1,2";
				TEST_HOST = "$(BUILT_PRODUCTS_DIR)/ToDoList3.app/$(BUNDLE_EXECUTABLE_FOLDER_PATH)/ToDoList3";
			};
			name = Debug;
		};
		53B564162CA681AC001D2E50 /* Release */ = {
			isa = XCBuildConfiguration;
			buildSettings = {
				ALWAYS_EMBED_SWIFT_STANDARD_LIBRARIES = YES;
				BUNDLE_LOADER = "$(TEST_HOST)";
				CODE_SIGN_STYLE = Automatic;
				CURRENT_PROJECT_VERSION = 1;
				GENERATE_INFOPLIST_FILE = YES;
				IPHONEOS_DEPLOYMENT_TARGET = 17.5;
				MARKETING_VERSION = 1.0;
				PRODUCT_BUNDLE_IDENTIFIER = hello.ToDoList3Tests;
				PRODUCT_NAME = "$(TARGET_NAME)";
				SWIFT_EMIT_LOC_STRINGS = NO;
				SWIFT_VERSION = 5.0;
				TARGETED_DEVICE_FAMILY = "1,2";
				TEST_HOST = "$(BUILT_PRODUCTS_DIR)/ToDoList3.app/$(BUNDLE_EXECUTABLE_FOLDER_PATH)/ToDoList3";
			};
			name = Release;
		};
		53B564182CA681AC001D2E50 /* Debug */ = {
			isa = XCBuildConfiguration;
			buildSettings = {
				ALWAYS_EMBED_SWIFT_STANDARD_LIBRARIES = YES;
				CODE_SIGN_STYLE = Automatic;
				CURRENT_PROJECT_VERSION = 1;
				GENERATE_INFOPLIST_FILE = YES;
				MARKETING_VERSION = 1.0;
				PRODUCT_BUNDLE_IDENTIFIER = hello.ToDoList3UITests;
				PRODUCT_NAME = "$(TARGET_NAME)";
				SWIFT_EMIT_LOC_STRINGS = NO;
				SWIFT_VERSION = 5.0;
				TARGETED_DEVICE_FAMILY = "1,2";
				TEST_TARGET_NAME = ToDoList3;
			};
			name = Debug;
		};
		53B564192CA681AC001D2E50 /* Release */ = {
			isa = XCBuildConfiguration;
			buildSettings = {
				ALWAYS_EMBED_SWIFT_STANDARD_LIBRARIES = YES;
				CODE_SIGN_STYLE = Automatic;
				CURRENT_PROJECT_VERSION = 1;
				GENERATE_INFOPLIST_FILE = YES;
				MARKETING_VERSION = 1.0;
				PRODUCT_BUNDLE_IDENTIFIER = hello.ToDoList3UITests;
				PRODUCT_NAME = "$(TARGET_NAME)";
				SWIFT_EMIT_LOC_STRINGS = NO;
				SWIFT_VERSION = 5.0;
				TARGETED_DEVICE_FAMILY = "1,2";
				TEST_TARGET_NAME = ToDoList3;
			};
			name = Release;
		};
/* End XCBuildConfiguration section */

/* Begin XCConfigurationList section */
		53B563E82CA681AB001D2E50 /* Build configuration list for PBXProject "ToDoList3" */ = {
			isa = XCConfigurationList;
			buildConfigurations = (
				53B5640F2CA681AC001D2E50 /* Debug */,
				53B564102CA681AC001D2E50 /* Release */,
			);
			defaultConfigurationIsVisible = 0;
			defaultConfigurationName = Release;
		};
		53B564112CA681AC001D2E50 /* Build configuration list for PBXNativeTarget "ToDoList3" */ = {
			isa = XCConfigurationList;
			buildConfigurations = (
				53B564122CA681AC001D2E50 /* Debug */,
				53B564132CA681AC001D2E50 /* Release */,
			);
			defaultConfigurationIsVisible = 0;
			defaultConfigurationName = Release;
		};
		53B564142CA681AC001D2E50 /* Build configuration list for PBXNativeTarget "ToDoList3Tests" */ = {
			isa = XCConfigurationList;
			buildConfigurations = (
				53B564152CA681AC001D2E50 /* Debug */,
				53B564162CA681AC001D2E50 /* Release */,
			);
			defaultConfigurationIsVisible = 0;
			defaultConfigurationName = Release;
		};
		53B564172CA681AC001D2E50 /* Build configuration list for PBXNativeTarget "ToDoList3UITests" */ = {
			isa = XCConfigurationList;
			buildConfigurations = (
				53B564182CA681AC001D2E50 /* Debug */,
				53B564192CA681AC001D2E50 /* Release */,
			);
			defaultConfigurationIsVisible = 0;
			defaultConfigurationName = Release;
		};
/* End XCConfigurationList section */
	};
	rootObject = 53B563E52CA681AB001D2E50 /* Project object */;
}
